# This file is autogenerated, do not edit; changes may be undone by the next 'dep ensure'.


[[projects]]
  name = "github.com/go-sql-driver/mysql"
  packages = ["."]
  revision = "72cd26f257d44c1114970e19afddcd812016007e"
  version = "v1.4.1"

[[projects]]
  name = "github.com/golang/protobuf"
  packages = ["jsonpb","proto","ptypes/struct"]
  revision = "b5d812f8a3706043e23a9cd5babf2e5423744d30"
  version = "v1.3.1"

[[projects]]
  name = "github.com/twitchtv/twirp"
  packages = [".","ctxsetters","internal/contextkeys"]
  revision = "701935a9a4c5f89a28cab40d7741d9a0fbdb74a3"
  version = "v5.7.0"

[[projects]]
  name = "google.golang.org/appengine"
  packages = ["cloudsql"]
  revision = "4c25cacc810c02874000e4f7071286a8e96b2515"
  version = "v1.6.0"

[solve-meta]
  analyzer-name = "dep"
  analyzer-version = 1
  inputs-digest = "a786919af85aea908044db1ed6c0e30788d99b5e0cdc8558bd5843e964350a96"
  solver-name = "gps-cdcl"
  solver-version = 1
